
Microsoft Visual Studio Solution File, Format Version 12.00
# Visual Studio Version 17
VisualStudioVersion = 17.2.32630.192
MinimumVisualStudioVersion = 10.0.40219.1
Project("{8BC9CEB8-8B4A-11D0-8D11-00A0C91BC942}") = "week5task1", "week5task1\week5task1.vcxproj", "{F157D1A1-BBA3-41D5-ADFC-1DBFD390BF5C}"
EndProject
Global
	GlobalSection(SolutionConfigurationPlatforms) = preSolution
		Debug|x64 = Debug|x64
		Debug|x86 = Debug|x86
		Release|x64 = Release|x64
		Release|x86 = Release|x86
	EndGlobalSection
	GlobalSection(ProjectConfigurationPlatforms) = postSolution
		{F157D1A1-BBA3-41D5-ADFC-1DBFD390BF5C}.Debug|x64.ActiveCfg = Debug|x64
		{F157D1A1-BBA3-41D5-ADFC-1DBFD390BF5C}.Debug|x64.Build.0 = Debug|x64
		{F157D1A1-BBA3-41D5-ADFC-1DBFD390BF5C}.Debug|x86.ActiveCfg = Debug|Win32
		{F157D1A1-BBA3-41D5-ADFC-1DBFD390BF5C}.Debug|x86.Build.0 = Debug|Win32
		{F157D1A1-BBA3-41D5-ADFC-1DBFD390BF5C}.Release|x64.ActiveCfg = Release|x64
		{F157D1A1-BBA3-41D5-ADFC-1DBFD390BF5C}.Release|x64.Build.0 = Release|x64
		{F157D1A1-BBA3-41D5-ADFC-1DBFD390BF5C}.Release|x86.ActiveCfg = Release|Win32
		{F157D1A1-BBA3-41D5-ADFC-1DBFD390BF5C}.Release|x86.Build.0 = Release|Win32
	EndGlobalSection
	GlobalSection(SolutionProperties) = preSolution
		HideSolutionNode = FALSE
	EndGlobalSection
	GlobalSection(ExtensibilityGlobals) = postSolution
		SolutionGuid = {83A05CF2-6464-4D37-99E2-84AFCE24B5FD}
	EndGlobalSection
EndGlobal
